
Microsoft Visual Studio Solution File, Format Version 12.00
# Visual Studio Version 16
VisualStudioVersion = 16.0.31702.278
MinimumVisualStudioVersion = 10.0.40219.1
Project("{FAE04EC0-301F-11D3-BF4B-00C04F79EFBC}") = "Boomsa.WPF.BaseLib", "Boomsa.WPF.BaseLib\Boomsa.WPF.BaseLib.csproj", "{25F62E5E-99E1-4382-8630-DFE9BF52538C}"
EndProject
Global
	GlobalSection(SolutionConfigurationPlatforms) = preSolution
		Debug|Any CPU = Debug|Any CPU
		Release|Any CPU = Release|Any CPU
	EndGlobalSection
	GlobalSection(ProjectConfigurationPlatforms) = postSolution
		{25F62E5E-99E1-4382-8630-DFE9BF52538C}.Debug|Any CPU.ActiveCfg = Debug|Any CPU
		{25F62E5E-99E1-4382-8630-DFE9BF52538C}.Debug|Any CPU.Build.0 = Debug|Any CPU
		{25F62E5E-99E1-4382-8630-DFE9BF52538C}.Release|Any CPU.ActiveCfg = Release|Any CPU
		{25F62E5E-99E1-4382-8630-DFE9BF52538C}.Release|Any CPU.Build.0 = Release|Any CPU
	EndGlobalSection
	GlobalSection(SolutionProperties) = preSolution
		HideSolutionNode = FALSE
	EndGlobalSection
	GlobalSection(ExtensibilityGlobals) = postSolution
		SolutionGuid = {4BEE4844-A03A-4686-B920-852CE29E9100}
	EndGlobalSection
EndGlobal
